
Microsoft Visual Studio Solution File, Format Version 12.00
# Visual Studio Version 17
VisualStudioVersion = 17.9.34723.18
MinimumVisualStudioVersion = 10.0.40219.1
Project("{9A19103F-16F7-4668-BE54-9A1E7A4F7556}") = "StudentCredential", "StudentCredentials\StudentCredential.csproj", "{E4D2CE95-0D2F-412A-BBD8-7EBA7963067C}"
EndProject
Project("{9A19103F-16F7-4668-BE54-9A1E7A4F7556}") = "CalculateGradeBL", "CalculateGrade\CalculateGradeBL.csproj", "{5869D5D0-7F1D-49B8-BA1F-71352CF6B3D3}"
EndProject
Project("{FAE04EC0-301F-11D3-BF4B-00C04F79EFBC}") = "GradeSystemUI", "GradeSystemUI\GradeSystemUI.csproj", "{71E8DA5F-CD3F-4B31-B75C-0A62ECBFFFFD}"
EndProject
Global
	GlobalSection(SolutionConfigurationPlatforms) = preSolution
		Debug|Any CPU = Debug|Any CPU
		Release|Any CPU = Release|Any CPU
	EndGlobalSection
	GlobalSection(ProjectConfigurationPlatforms) = postSolution
		{E4D2CE95-0D2F-412A-BBD8-7EBA7963067C}.Debug|Any CPU.ActiveCfg = Debug|Any CPU
		{E4D2CE95-0D2F-412A-BBD8-7EBA7963067C}.Debug|Any CPU.Build.0 = Debug|Any CPU
		{E4D2CE95-0D2F-412A-BBD8-7EBA7963067C}.Release|Any CPU.ActiveCfg = Release|Any CPU
		{E4D2CE95-0D2F-412A-BBD8-7EBA7963067C}.Release|Any CPU.Build.0 = Release|Any CPU
		{5869D5D0-7F1D-49B8-BA1F-71352CF6B3D3}.Debug|Any CPU.ActiveCfg = Debug|Any CPU
		{5869D5D0-7F1D-49B8-BA1F-71352CF6B3D3}.Debug|Any CPU.Build.0 = Debug|Any CPU
		{5869D5D0-7F1D-49B8-BA1F-71352CF6B3D3}.Release|Any CPU.ActiveCfg = Release|Any CPU
		{5869D5D0-7F1D-49B8-BA1F-71352CF6B3D3}.Release|Any CPU.Build.0 = Release|Any CPU
		{71E8DA5F-CD3F-4B31-B75C-0A62ECBFFFFD}.Debug|Any CPU.ActiveCfg = Debug|Any CPU
		{71E8DA5F-CD3F-4B31-B75C-0A62ECBFFFFD}.Debug|Any CPU.Build.0 = Debug|Any CPU
		{71E8DA5F-CD3F-4B31-B75C-0A62ECBFFFFD}.Release|Any CPU.ActiveCfg = Release|Any CPU
		{71E8DA5F-CD3F-4B31-B75C-0A62ECBFFFFD}.Release|Any CPU.Build.0 = Release|Any CPU
	EndGlobalSection
	GlobalSection(SolutionProperties) = preSolution
		HideSolutionNode = FALSE
	EndGlobalSection
	GlobalSection(ExtensibilityGlobals) = postSolution
		SolutionGuid = {ECBF8D82-6FCC-4F86-BE3E-802A4511FE4C}
	EndGlobalSection
EndGlobal
